
Microsoft Visual Studio Solution File, Format Version 12.00
# Visual Studio 15
VisualStudioVersion = 15.0.26124.0
MinimumVisualStudioVersion = 15.0.26124.0
Project("{FAE04EC0-301F-11D3-BF4B-00C04F79EFBC}") = "Domain", "Domain\Domain.csproj", "{8C88026D-EC29-4AA0-8ADD-620CACED6581}"
EndProject
Project("{FAE04EC0-301F-11D3-BF4B-00C04F79EFBC}") = "Application", "Application\Application.csproj", "{D36690E7-69F7-417E-AD37-64BF899E48F9}"
EndProject
Project("{FAE04EC0-301F-11D3-BF4B-00C04F79EFBC}") = "Persistance", "Persistance\Persistance.csproj", "{1466E955-BE52-4664-9ADF-26AD15094F61}"
EndProject
Project("{FAE04EC0-301F-11D3-BF4B-00C04F79EFBC}") = "API", "API\API.csproj", "{B96081C7-B30A-4961-B515-45713106D3B4}"
EndProject
Global
	GlobalSection(SolutionConfigurationPlatforms) = preSolution
		Debug|Any CPU = Debug|Any CPU
		Debug|x64 = Debug|x64
		Debug|x86 = Debug|x86
		Release|Any CPU = Release|Any CPU
		Release|x64 = Release|x64
		Release|x86 = Release|x86
	EndGlobalSection
	GlobalSection(SolutionProperties) = preSolution
		HideSolutionNode = FALSE
	EndGlobalSection
	GlobalSection(ProjectConfigurationPlatforms) = postSolution
		{8C88026D-EC29-4AA0-8ADD-620CACED6581}.Debug|Any CPU.ActiveCfg = Debug|Any CPU
		{8C88026D-EC29-4AA0-8ADD-620CACED6581}.Debug|Any CPU.Build.0 = Debug|Any CPU
		{8C88026D-EC29-4AA0-8ADD-620CACED6581}.Debug|x64.ActiveCfg = Debug|Any CPU
		{8C88026D-EC29-4AA0-8ADD-620CACED6581}.Debug|x64.Build.0 = Debug|Any CPU
		{8C88026D-EC29-4AA0-8ADD-620CACED6581}.Debug|x86.ActiveCfg = Debug|Any CPU
		{8C88026D-EC29-4AA0-8ADD-620CACED6581}.Debug|x86.Build.0 = Debug|Any CPU
		{8C88026D-EC29-4AA0-8ADD-620CACED6581}.Release|Any CPU.ActiveCfg = Release|Any CPU
		{8C88026D-EC29-4AA0-8ADD-620CACED6581}.Release|Any CPU.Build.0 = Release|Any CPU
		{8C88026D-EC29-4AA0-8ADD-620CACED6581}.Release|x64.ActiveCfg = Release|Any CPU
		{8C88026D-EC29-4AA0-8ADD-620CACED6581}.Release|x64.Build.0 = Release|Any CPU
		{8C88026D-EC29-4AA0-8ADD-620CACED6581}.Release|x86.ActiveCfg = Release|Any CPU
		{8C88026D-EC29-4AA0-8ADD-620CACED6581}.Release|x86.Build.0 = Release|Any CPU
		{D36690E7-69F7-417E-AD37-64BF899E48F9}.Debug|Any CPU.ActiveCfg = Debug|Any CPU
		{D36690E7-69F7-417E-AD37-64BF899E48F9}.Debug|Any CPU.Build.0 = Debug|Any CPU
		{D36690E7-69F7-417E-AD37-64BF899E48F9}.Debug|x64.ActiveCfg = Debug|Any CPU
		{D36690E7-69F7-417E-AD37-64BF899E48F9}.Debug|x64.Build.0 = Debug|Any CPU
		{D36690E7-69F7-417E-AD37-64BF899E48F9}.Debug|x86.ActiveCfg = Debug|Any CPU
		{D36690E7-69F7-417E-AD37-64BF899E48F9}.Debug|x86.Build.0 = Debug|Any CPU
		{D36690E7-69F7-417E-AD37-64BF899E48F9}.Release|Any CPU.ActiveCfg = Release|Any CPU
		{D36690E7-69F7-417E-AD37-64BF899E48F9}.Release|Any CPU.Build.0 = Release|Any CPU
		{D36690E7-69F7-417E-AD37-64BF899E48F9}.Release|x64.ActiveCfg = Release|Any CPU
		{D36690E7-69F7-417E-AD37-64BF899E48F9}.Release|x64.Build.0 = Release|Any CPU
		{D36690E7-69F7-417E-AD37-64BF899E48F9}.Release|x86.ActiveCfg = Release|Any CPU
		{D36690E7-69F7-417E-AD37-64BF899E48F9}.Release|x86.Build.0 = Release|Any CPU
		{1466E955-BE52-4664-9ADF-26AD15094F61}.Debug|Any CPU.ActiveCfg = Debug|Any CPU
		{1466E955-BE52-4664-9ADF-26AD15094F61}.Debug|Any CPU.Build.0 = Debug|Any CPU
		{1466E955-BE52-4664-9ADF-26AD15094F61}.Debug|x64.ActiveCfg = Debug|Any CPU
		{1466E955-BE52-4664-9ADF-26AD15094F61}.Debug|x64.Build.0 = Debug|Any CPU
		{1466E955-BE52-4664-9ADF-26AD15094F61}.Debug|x86.ActiveCfg = Debug|Any CPU
		{1466E955-BE52-4664-9ADF-26AD15094F61}.Debug|x86.Build.0 = Debug|Any CPU
		{1466E955-BE52-4664-9ADF-26AD15094F61}.Release|Any CPU.ActiveCfg = Release|Any CPU
		{1466E955-BE52-4664-9ADF-26AD15094F61}.Release|Any CPU.Build.0 = Release|Any CPU
		{1466E955-BE52-4664-9ADF-26AD15094F61}.Release|x64.ActiveCfg = Release|Any CPU
		{1466E955-BE52-4664-9ADF-26AD15094F61}.Release|x64.Build.0 = Release|Any CPU
		{1466E955-BE52-4664-9ADF-26AD15094F61}.Release|x86.ActiveCfg = Release|Any CPU
		{1466E955-BE52-4664-9ADF-26AD15094F61}.Release|x86.Build.0 = Release|Any CPU
		{B96081C7-B30A-4961-B515-45713106D3B4}.Debug|Any CPU.ActiveCfg = Debug|Any CPU
		{B96081C7-B30A-4961-B515-45713106D3B4}.Debug|Any CPU.Build.0 = Debug|Any CPU
		{B96081C7-B30A-4961-B515-45713106D3B4}.Debug|x64.ActiveCfg = Debug|Any CPU
		{B96081C7-B30A-4961-B515-45713106D3B4}.Debug|x64.Build.0 = Debug|Any CPU
		{B96081C7-B30A-4961-B515-45713106D3B4}.Debug|x86.ActiveCfg = Debug|Any CPU
		{B96081C7-B30A-4961-B515-45713106D3B4}.Debug|x86.Build.0 = Debug|Any CPU
		{B96081C7-B30A-4961-B515-45713106D3B4}.Release|Any CPU.ActiveCfg = Release|Any CPU
		{B96081C7-B30A-4961-B515-45713106D3B4}.Release|Any CPU.Build.0 = Release|Any CPU
		{B96081C7-B30A-4961-B515-45713106D3B4}.Release|x64.ActiveCfg = Release|Any CPU
		{B96081C7-B30A-4961-B515-45713106D3B4}.Release|x64.Build.0 = Release|Any CPU
		{B96081C7-B30A-4961-B515-45713106D3B4}.Release|x86.ActiveCfg = Release|Any CPU
		{B96081C7-B30A-4961-B515-45713106D3B4}.Release|x86.Build.0 = Release|Any CPU
	EndGlobalSection
EndGlobal
